
Microsoft Visual Studio Solution File, Format Version 12.00
# Visual Studio Version 16
VisualStudioVersion = 16.0.28729.10
MinimumVisualStudioVersion = 10.0.40219.1
Project("{8BC9CEB8-8B4A-11D0-8D11-00A0C91BC942}") = "bvcgbchg", "bvcgbchg\bvcgbchg.vcxitems", "{2E472227-FBD4-4CEB-B068-B538DDAA9200}"
EndProject
Global
	GlobalSection(SolutionProperties) = preSolution
		HideSolutionNode = FALSE
	EndGlobalSection
	GlobalSection(ExtensibilityGlobals) = postSolution
		SolutionGuid = {F485B355-F858-41C0-8563-6086EDD738E5}
	EndGlobalSection
EndGlobal
